schema: '2.0'
stages:
  visualize_data:
    cmd: python src\data_visualization_and_EDA.py
    deps:
    - path: data\raw\bank-additional-full.csv
      hash: md5
      md5: f6cb2c1256ffe2836b36df321f46e92c
      size: 5834924
    outs:
    - path: docs\figures\
      hash: md5
      md5: 21c730ad324f7287ddd9b55944c80d87.dir
      size: 176234
      nfiles: 6
    - path: docs\reports\EDA_reporte.html
      hash: md5
      md5: f65af2aa734f04ab00565b319205566a
      size: 7128676
  test_data_quality:
    cmd: pytest --html=docs\test_results\test_results.html --self-contained-html test\test_dataquality.py
    deps:
    - path: data\raw\bank-additional-full.csv
      hash: md5
      md5: f6cb2c1256ffe2836b36df321f46e92c
      size: 5834924
    - path: test\test_dataquality.py
      hash: md5
      md5: 902dd1dc3aca19b838476b517f908db2
      size: 3340
    outs:
    - path: docs\test_results\test_results.html
      hash: md5
      md5: 97c0d05a12be2785e48098a657e64dd3
      size: 38018
  test_data_gx:
    cmd: pytest --html=docs\test_results\test_gx_results.html --self-contained-html
      test\test_data_gx.py
    deps:
    - path: data\raw\bank-additional-full.csv
      hash: md5
      md5: f6cb2c1256ffe2836b36df321f46e92c
      size: 5834924
    - path: test\test_data_gx.py
      hash: md5
      md5: 670f588b112396673ec6df4e048896a2
      size: 4369
    outs:
    - path: docs\test_results\test_gx_results.html
      hash: md5
      md5: f81ddec32a26e4407c6e0c761ad3805f
      size: 33105
