schema: '2.0'
stages:
  visualize_data:
    cmd: python src\data_visualization_and_EDA.py
    deps:
    - path: data\raw\bank-additional-full.csv
      hash: md5
      md5: f6cb2c1256ffe2836b36df321f46e92c
      size: 5834924
    outs:
    - path: docs\figures\
      hash: md5
      md5: 21c730ad324f7287ddd9b55944c80d87.dir
      size: 176234
      nfiles: 6
    - path: docs\reports\EDA_reporte.html
      hash: md5
      md5: f65af2aa734f04ab00565b319205566a
      size: 7128676
  test_data_quality:
    cmd: pytest --html=docs\test_results\test_results.html --self-contained-html test\test_dataquality.py
    deps:
    - path: data\raw\bank-additional-full.csv
      hash: md5
      md5: f6cb2c1256ffe2836b36df321f46e92c
      size: 5834924
    - path: test\test_dataquality.py
      hash: md5
      md5: ebe5a6190ff9eadc4a7c6dd311ceeb03
      size: 3177
    outs:
    - path: docs\test_results\test_results.html
      hash: md5
      md5: 983242499ffcb3021a84ab7fad872c45
      size: 37936
  test_data_gx:
    cmd: pytest --html=docs\test_results\test_gx_results.html --self-contained-html
      test\test_data_gx.py
    deps:
    - path: data\raw\bank-additional-full.csv
      hash: md5
      md5: f6cb2c1256ffe2836b36df321f46e92c
      size: 5834924
    - path: test\test_data_gx.py
      hash: md5
      md5: e2c2d074f9653804253e41bb4b68ae4c
      size: 4833
    outs:
    - path: docs\test_results\test_gx_results.html
      hash: md5
      md5: ffe7382f960fe6c2c1bbcc6dbf58026a
      size: 52228
  preprocess_data:
    cmd: python src\data_preprocessing.py
    deps:
    - path: data\raw\bank-additional-full.csv
      hash: md5
      md5: f6cb2c1256ffe2836b36df321f46e92c
      size: 5834924
    - path: src\data_preprocessing.py
      hash: md5
      md5: 86b23fb98a75fc084a87d3811860e70e
      size: 3464
    outs:
    - path: data\processed\bank-additional-full_preprocessed.csv
      hash: md5
      md5: 014181eb718b0a4500ecccde35a13296
      size: 4227097
    - path: docs\transformaciones_dataset.md
      hash: md5
      md5: e0fb210f31e6390015fee027b04f6dd6
      size: 867
