schema: '2.0'
stages:
  visualize_data:
    cmd: python src\data_visualization_and_EDA.py
    deps:
    - path: data\raw\bank-additional-full.csv
      hash: md5
      md5: f6cb2c1256ffe2836b36df321f46e92c
      size: 5834924
    outs:
    - path: docs\figures\
      hash: md5
      md5: 21c730ad324f7287ddd9b55944c80d87.dir
      size: 176234
      nfiles: 6
    - path: docs\reports\EDA_reporte.html
      hash: md5
      md5: f65af2aa734f04ab00565b319205566a
      size: 7128676
  test_data_quality:
    cmd: pytest --html=docs\test_results\test_dataquality_results.html --self-contained-html
      test\test_dataquality.py
    deps:
    - path: data\raw\bank-additional-full.csv
      hash: md5
      md5: f6cb2c1256ffe2836b36df321f46e92c
      size: 5834924
    - path: test\test_dataquality.py
      hash: md5
      md5: ebe5a6190ff9eadc4a7c6dd311ceeb03
      size: 3177
    outs:
    - path: docs\test_results\test_dataquality_results.html
      hash: md5
      md5: 99fce037263f762c3b5ff4f1af3f2580
      size: 37972
  test_data_gx:
    cmd: pytest --html=docs\test_results\test_gx_results.html --self-contained-html
      test\test_data_gx.py
    deps:
    - path: data\raw\bank-additional-full.csv
      hash: md5
      md5: f6cb2c1256ffe2836b36df321f46e92c
      size: 5834924
    - path: test\test_data_gx.py
      hash: md5
      md5: e2c2d074f9653804253e41bb4b68ae4c
      size: 4833
    outs:
    - path: docs\test_results\test_gx_results.html
      hash: md5
      md5: ffe7382f960fe6c2c1bbcc6dbf58026a
      size: 52228
  preprocess_data:
    cmd: python src\data_preprocessing.py
    deps:
    - path: data\raw\bank-additional-full.csv
      hash: md5
      md5: f6cb2c1256ffe2836b36df321f46e92c
      size: 5834924
    - path: src\data_preprocessing.py
      hash: md5
      md5: 8fa319614711aecd7ecf3da018afbec3
      size: 3755
    outs:
    - path: data\processed\bank-additional-full_preprocessed.csv
      hash: md5
      md5: 41d3b10d44545d7d9eb8da5aeccfc136
      size: 4303578
    - path: docs\transformaciones_dataset.md
      hash: md5
      md5: 5ca96a3b400a12733bede07dfa52850e
      size: 981
  train_model:
    cmd: python src\train_model.py
    deps:
    - path: data\processed\bank-additional-full_preprocessed.csv
      hash: md5
      md5: 41d3b10d44545d7d9eb8da5aeccfc136
      size: 4303578
    - path: src\train_model.py
      hash: md5
      md5: c68cf2ca5a91cdec887ee7b09a287ae9
      size: 10792
    outs:
    - path: metrics\model_metrics.json
      hash: md5
      md5: 76b968e9d0d4aa0a20902a2f196ce48e
      size: 161
    - path: models\decision_tree_model.pkl
      hash: md5
      md5: 0cb80b5ce24f6eeb5b169ae79f735c9e
      size: 216377
    - path: models\preprocessor.pkl
      hash: md5
      md5: 6e43f0ce0a6b8d49adb3b0ea341184f7
      size: 7106
